
Microsoft Visual Studio Solution File, Format Version 12.00
# Visual Studio Version 17
VisualStudioVersion = 17.14.36518.9
MinimumVisualStudioVersion = 10.0.40219.1
Project("{2150E333-8FDC-42A3-9474-1A3956D46DE8}") = "Task0", "Task0", "{02EA681E-C7D8-13C7-8484-4AC65E1B71E8}"
EndProject
Project("{FAE04EC0-301F-11D3-BF4B-00C04F79EFBC}") = "Tyuiu.Ahmadi1.sprint0.task0.v0", "Tyuiu.Ahmadi1.sprint0.task0.v0\Tyuiu.Ahmadi1.sprint0.task0.v0.csproj", "{C7CF977A-58B0-48B4-8733-8A325F083187}"
EndProject
Project("{2150E333-8FDC-42A3-9474-1A3956D46DE8}") = "Task1", "Task1", "{F7F3F9CB-B2C8-42DA-822C-E341819665A3}"
EndProject
Project("{FAE04EC0-301F-11D3-BF4B-00C04F79EFBC}") = "Tyuiu.Ahmadi1.Sprint0.Task1.V0", "Tyuiu.Ahmadi1.Sprint0.Task1.V0\Tyuiu.Ahmadi1.Sprint0.Task1.V0.csproj", "{6D84C6DB-4851-4115-AC15-4D3D2E6B2276}"
EndProject
Global
	GlobalSection(SolutionConfigurationPlatforms) = preSolution
		Debug|Any CPU = Debug|Any CPU
		Release|Any CPU = Release|Any CPU
	EndGlobalSection
	GlobalSection(ProjectConfigurationPlatforms) = postSolution
		{C7CF977A-58B0-48B4-8733-8A325F083187}.Debug|Any CPU.ActiveCfg = Debug|Any CPU
		{C7CF977A-58B0-48B4-8733-8A325F083187}.Debug|Any CPU.Build.0 = Debug|Any CPU
		{C7CF977A-58B0-48B4-8733-8A325F083187}.Release|Any CPU.ActiveCfg = Release|Any CPU
		{C7CF977A-58B0-48B4-8733-8A325F083187}.Release|Any CPU.Build.0 = Release|Any CPU
		{6D84C6DB-4851-4115-AC15-4D3D2E6B2276}.Debug|Any CPU.ActiveCfg = Debug|Any CPU
		{6D84C6DB-4851-4115-AC15-4D3D2E6B2276}.Debug|Any CPU.Build.0 = Debug|Any CPU
		{6D84C6DB-4851-4115-AC15-4D3D2E6B2276}.Release|Any CPU.ActiveCfg = Release|Any CPU
		{6D84C6DB-4851-4115-AC15-4D3D2E6B2276}.Release|Any CPU.Build.0 = Release|Any CPU
	EndGlobalSection
	GlobalSection(SolutionProperties) = preSolution
		HideSolutionNode = FALSE
	EndGlobalSection
	GlobalSection(NestedProjects) = preSolution
		{C7CF977A-58B0-48B4-8733-8A325F083187} = {02EA681E-C7D8-13C7-8484-4AC65E1B71E8}
		{6D84C6DB-4851-4115-AC15-4D3D2E6B2276} = {F7F3F9CB-B2C8-42DA-822C-E341819665A3}
	EndGlobalSection
	GlobalSection(ExtensibilityGlobals) = postSolution
		SolutionGuid = {A7D10EDC-59D1-43B0-B0AE-3E08F1ADDBD4}
	EndGlobalSection
EndGlobal
