
Microsoft Visual Studio Solution File, Format Version 12.00
# Visual Studio Version 17
VisualStudioVersion = 17.14.36518.9
MinimumVisualStudioVersion = 10.0.40219.1
Project("{2150E333-8FDC-42A3-9474-1A3956D46DE8}") = "Task0", "Task0", "{02EA681E-C7D8-13C7-8484-4AC65E1B71E8}"
EndProject
Project("{FAE04EC0-301F-11D3-BF4B-00C04F79EFBC}") = "Tyuiu.Ahmadi1.sprint0.task0.v0", "Tyuiu.Ahmadi1.sprint0.task0.v0\Tyuiu.Ahmadi1.sprint0.task0.v0.csproj", "{C7CF977A-58B0-48B4-8733-8A325F083187}"
EndProject
Project("{2150E333-8FDC-42A3-9474-1A3956D46DE8}") = "Task1", "Task1", "{F7F3F9CB-B2C8-42DA-822C-E341819665A3}"
EndProject
Project("{FAE04EC0-301F-11D3-BF4B-00C04F79EFBC}") = "Tyuiu.Ahmadi1.Sprint0.Task1.V0", "Tyuiu.Ahmadi1.Sprint0.Task1.V0\Tyuiu.Ahmadi1.Sprint0.Task1.V0.csproj", "{6D84C6DB-4851-4115-AC15-4D3D2E6B2276}"
EndProject
Project("{2150E333-8FDC-42A3-9474-1A3956D46DE8}") = "Task2", "Task2", "{AD520F8D-B576-462D-A819-7D4BCC2634FD}"
EndProject
Project("{FAE04EC0-301F-11D3-BF4B-00C04F79EFBC}") = "Tyuiu.Ahmadi1.Sprint0.Task2.V0", "Tyuiu.Ahmadi1.Sprint0.Task2.V0\Tyuiu.Ahmadi1.Sprint0.Task2.V0.csproj", "{7E896506-5875-443B-8EC0-ADCAE729C9AB}"
EndProject
Project("{FAE04EC0-301F-11D3-BF4B-00C04F79EFBC}") = "Tyuiu.Ahmadi1.Sprint0.Task2.V0.Lib", "Tyuiu.Ahmadi1.Sprint0.Task2.V0.Lib\Tyuiu.Ahmadi1.Sprint0.Task2.V0.Lib.csproj", "{FE6A609F-5948-45BE-8F76-23DBDC3B17F4}"
EndProject
Project("{FAE04EC0-301F-11D3-BF4B-00C04F79EFBC}") = "Tyuiu.Ahmadi1.Sprint0.Task2.V0.Test", "Tyuiu.Ahmadi1.Sprint0.Task2.V0.Test\Tyuiu.Ahmadi1.Sprint0.Task2.V0.Test.csproj", "{ED38FC1E-71AA-4316-8C9C-EDDD558CA86C}"
EndProject
Project("{2150E333-8FDC-42A3-9474-1A3956D46DE8}") = "Task3", "Task3", "{5426847E-D3EC-41C7-B517-538EB273B502}"
EndProject
Project("{FAE04EC0-301F-11D3-BF4B-00C04F79EFBC}") = "Tyuiu.Ahmadi1.Sprint0.Task3.V0", "Tyuiu.Ahmadi1.Sprint0.Task3.V0\Tyuiu.Ahmadi1.Sprint0.Task3.V0.csproj", "{2BEF7294-EE1E-43CD-88A8-A85390CF0E33}"
EndProject
Project("{FAE04EC0-301F-11D3-BF4B-00C04F79EFBC}") = "Tyuiu.Ahmadi1.Sprint0.Task3.V0.Lib", "Tyuiu.Ahmadi1.Sprint0.Task3.V0.Lib\Tyuiu.Ahmadi1.Sprint0.Task3.V0.Lib.csproj", "{C83FD32B-1106-4DCC-BCAB-74EFCBBDB896}"
EndProject
Project("{FAE04EC0-301F-11D3-BF4B-00C04F79EFBC}") = "Tyuiu.Ahmadi1.Sprint0.Task3.V0.Tast", "Tyuiu.Ahmadi1.Sprint0.Task3.V0.Tast\Tyuiu.Ahmadi1.Sprint0.Task3.V0.Tast.csproj", "{D6BF0571-02A6-4205-A120-B15E7FAFD10C}"
EndProject
Project("{2150E333-8FDC-42A3-9474-1A3956D46DE8}") = "Task4", "Task4", "{D64400C6-7D43-4F68-9E95-74E0EC0DDEBD}"
EndProject
Project("{FAE04EC0-301F-11D3-BF4B-00C04F79EFBC}") = "Tyuiu.Ahmadi1.Sprint0.Task4.V0", "Tyuiu.Ahmadi1.Sprint0.Task4.V0\Tyuiu.Ahmadi1.Sprint0.Task4.V0.csproj", "{5AE3013D-FC30-4C51-A1E7-8714648955DF}"
EndProject
Project("{FAE04EC0-301F-11D3-BF4B-00C04F79EFBC}") = "Tyuiu.Ahmadi1.Sprint0.Task4.V0.Lib", "Tyuiu.Ahmadi1.Sprint0.Task4.V0.Lib\Tyuiu.Ahmadi1.Sprint0.Task4.V0.Lib.csproj", "{5A1675C7-AE49-4EFC-AC47-80BC7F4AC9AC}"
EndProject
Project("{FAE04EC0-301F-11D3-BF4B-00C04F79EFBC}") = "Tyuiu.Ahmadi1.Sprint0.Task4.V0.Test", "Tyuiu.Ahmadi1.Sprint0.Task4.V0.Test\Tyuiu.Ahmadi1.Sprint0.Task4.V0.Test.csproj", "{588A3EC4-E9E7-4530-8C3B-34DF0E8AE4A0}"
EndProject
Global
	GlobalSection(SolutionConfigurationPlatforms) = preSolution
		Debug|Any CPU = Debug|Any CPU
		Release|Any CPU = Release|Any CPU
	EndGlobalSection
	GlobalSection(ProjectConfigurationPlatforms) = postSolution
		{C7CF977A-58B0-48B4-8733-8A325F083187}.Debug|Any CPU.ActiveCfg = Debug|Any CPU
		{C7CF977A-58B0-48B4-8733-8A325F083187}.Debug|Any CPU.Build.0 = Debug|Any CPU
		{C7CF977A-58B0-48B4-8733-8A325F083187}.Release|Any CPU.ActiveCfg = Release|Any CPU
		{C7CF977A-58B0-48B4-8733-8A325F083187}.Release|Any CPU.Build.0 = Release|Any CPU
		{6D84C6DB-4851-4115-AC15-4D3D2E6B2276}.Debug|Any CPU.ActiveCfg = Debug|Any CPU
		{6D84C6DB-4851-4115-AC15-4D3D2E6B2276}.Debug|Any CPU.Build.0 = Debug|Any CPU
		{6D84C6DB-4851-4115-AC15-4D3D2E6B2276}.Release|Any CPU.ActiveCfg = Release|Any CPU
		{6D84C6DB-4851-4115-AC15-4D3D2E6B2276}.Release|Any CPU.Build.0 = Release|Any CPU
		{7E896506-5875-443B-8EC0-ADCAE729C9AB}.Debug|Any CPU.ActiveCfg = Debug|Any CPU
		{7E896506-5875-443B-8EC0-ADCAE729C9AB}.Debug|Any CPU.Build.0 = Debug|Any CPU
		{7E896506-5875-443B-8EC0-ADCAE729C9AB}.Release|Any CPU.ActiveCfg = Release|Any CPU
		{7E896506-5875-443B-8EC0-ADCAE729C9AB}.Release|Any CPU.Build.0 = Release|Any CPU
		{FE6A609F-5948-45BE-8F76-23DBDC3B17F4}.Debug|Any CPU.ActiveCfg = Debug|Any CPU
		{FE6A609F-5948-45BE-8F76-23DBDC3B17F4}.Debug|Any CPU.Build.0 = Debug|Any CPU
		{FE6A609F-5948-45BE-8F76-23DBDC3B17F4}.Release|Any CPU.ActiveCfg = Release|Any CPU
		{FE6A609F-5948-45BE-8F76-23DBDC3B17F4}.Release|Any CPU.Build.0 = Release|Any CPU
		{ED38FC1E-71AA-4316-8C9C-EDDD558CA86C}.Debug|Any CPU.ActiveCfg = Debug|Any CPU
		{ED38FC1E-71AA-4316-8C9C-EDDD558CA86C}.Debug|Any CPU.Build.0 = Debug|Any CPU
		{ED38FC1E-71AA-4316-8C9C-EDDD558CA86C}.Release|Any CPU.ActiveCfg = Release|Any CPU
		{ED38FC1E-71AA-4316-8C9C-EDDD558CA86C}.Release|Any CPU.Build.0 = Release|Any CPU
		{2BEF7294-EE1E-43CD-88A8-A85390CF0E33}.Debug|Any CPU.ActiveCfg = Debug|Any CPU
		{2BEF7294-EE1E-43CD-88A8-A85390CF0E33}.Debug|Any CPU.Build.0 = Debug|Any CPU
		{2BEF7294-EE1E-43CD-88A8-A85390CF0E33}.Release|Any CPU.ActiveCfg = Release|Any CPU
		{2BEF7294-EE1E-43CD-88A8-A85390CF0E33}.Release|Any CPU.Build.0 = Release|Any CPU
		{C83FD32B-1106-4DCC-BCAB-74EFCBBDB896}.Debug|Any CPU.ActiveCfg = Debug|Any CPU
		{C83FD32B-1106-4DCC-BCAB-74EFCBBDB896}.Debug|Any CPU.Build.0 = Debug|Any CPU
		{C83FD32B-1106-4DCC-BCAB-74EFCBBDB896}.Release|Any CPU.ActiveCfg = Release|Any CPU
		{C83FD32B-1106-4DCC-BCAB-74EFCBBDB896}.Release|Any CPU.Build.0 = Release|Any CPU
		{D6BF0571-02A6-4205-A120-B15E7FAFD10C}.Debug|Any CPU.ActiveCfg = Debug|Any CPU
		{D6BF0571-02A6-4205-A120-B15E7FAFD10C}.Debug|Any CPU.Build.0 = Debug|Any CPU
		{D6BF0571-02A6-4205-A120-B15E7FAFD10C}.Release|Any CPU.ActiveCfg = Release|Any CPU
		{D6BF0571-02A6-4205-A120-B15E7FAFD10C}.Release|Any CPU.Build.0 = Release|Any CPU
		{5AE3013D-FC30-4C51-A1E7-8714648955DF}.Debug|Any CPU.ActiveCfg = Debug|Any CPU
		{5AE3013D-FC30-4C51-A1E7-8714648955DF}.Debug|Any CPU.Build.0 = Debug|Any CPU
		{5AE3013D-FC30-4C51-A1E7-8714648955DF}.Release|Any CPU.ActiveCfg = Release|Any CPU
		{5AE3013D-FC30-4C51-A1E7-8714648955DF}.Release|Any CPU.Build.0 = Release|Any CPU
		{5A1675C7-AE49-4EFC-AC47-80BC7F4AC9AC}.Debug|Any CPU.ActiveCfg = Debug|Any CPU
		{5A1675C7-AE49-4EFC-AC47-80BC7F4AC9AC}.Debug|Any CPU.Build.0 = Debug|Any CPU
		{5A1675C7-AE49-4EFC-AC47-80BC7F4AC9AC}.Release|Any CPU.ActiveCfg = Release|Any CPU
		{5A1675C7-AE49-4EFC-AC47-80BC7F4AC9AC}.Release|Any CPU.Build.0 = Release|Any CPU
		{588A3EC4-E9E7-4530-8C3B-34DF0E8AE4A0}.Debug|Any CPU.ActiveCfg = Debug|Any CPU
		{588A3EC4-E9E7-4530-8C3B-34DF0E8AE4A0}.Debug|Any CPU.Build.0 = Debug|Any CPU
		{588A3EC4-E9E7-4530-8C3B-34DF0E8AE4A0}.Release|Any CPU.ActiveCfg = Release|Any CPU
		{588A3EC4-E9E7-4530-8C3B-34DF0E8AE4A0}.Release|Any CPU.Build.0 = Release|Any CPU
	EndGlobalSection
	GlobalSection(SolutionProperties) = preSolution
		HideSolutionNode = FALSE
	EndGlobalSection
	GlobalSection(NestedProjects) = preSolution
		{C7CF977A-58B0-48B4-8733-8A325F083187} = {02EA681E-C7D8-13C7-8484-4AC65E1B71E8}
		{6D84C6DB-4851-4115-AC15-4D3D2E6B2276} = {F7F3F9CB-B2C8-42DA-822C-E341819665A3}
		{7E896506-5875-443B-8EC0-ADCAE729C9AB} = {AD520F8D-B576-462D-A819-7D4BCC2634FD}
		{FE6A609F-5948-45BE-8F76-23DBDC3B17F4} = {AD520F8D-B576-462D-A819-7D4BCC2634FD}
		{ED38FC1E-71AA-4316-8C9C-EDDD558CA86C} = {AD520F8D-B576-462D-A819-7D4BCC2634FD}
		{2BEF7294-EE1E-43CD-88A8-A85390CF0E33} = {5426847E-D3EC-41C7-B517-538EB273B502}
		{C83FD32B-1106-4DCC-BCAB-74EFCBBDB896} = {5426847E-D3EC-41C7-B517-538EB273B502}
		{D6BF0571-02A6-4205-A120-B15E7FAFD10C} = {5426847E-D3EC-41C7-B517-538EB273B502}
		{5AE3013D-FC30-4C51-A1E7-8714648955DF} = {D64400C6-7D43-4F68-9E95-74E0EC0DDEBD}
		{5A1675C7-AE49-4EFC-AC47-80BC7F4AC9AC} = {D64400C6-7D43-4F68-9E95-74E0EC0DDEBD}
		{588A3EC4-E9E7-4530-8C3B-34DF0E8AE4A0} = {D64400C6-7D43-4F68-9E95-74E0EC0DDEBD}
	EndGlobalSection
	GlobalSection(ExtensibilityGlobals) = postSolution
		SolutionGuid = {A7D10EDC-59D1-43B0-B0AE-3E08F1ADDBD4}
	EndGlobalSection
EndGlobal
